
Microsoft Visual Studio Solution File, Format Version 12.00
# Visual Studio Version 16
VisualStudioVersion = 16.0.31025.194
MinimumVisualStudioVersion = 10.0.40219.1
Project("{2150E333-8FDC-42A3-9474-1A3956D46DE8}") = "Services", "Services", "{530A6233-B021-4DB6-A16C-307A61431A15}"
EndProject
Project("{2150E333-8FDC-42A3-9474-1A3956D46DE8}") = "Catalog", "Catalog", "{7179EB16-9E8E-40F2-89B1-50300784D95C}"
EndProject
Project("{9A19103F-16F7-4668-BE54-9A1E7A4F7556}") = "Catalog.API", "Services\Catalog\Catalog.API\Catalog.API.csproj", "{6A466572-FB80-42BA-9045-DA7054F64D33}"
EndProject
Project("{2150E333-8FDC-42A3-9474-1A3956D46DE8}") = "Basket", "Basket", "{A1E0BA2C-EB7F-4E48-8954-F875115AF76F}"
EndProject
Project("{FAE04EC0-301F-11D3-BF4B-00C04F79EFBC}") = "Basket.API", "Services\Basket\Basket.API\Basket.API.csproj", "{BD3645B0-4BC2-4B8B-9EF1-0186A2514290}"
EndProject
Global
	GlobalSection(SolutionConfigurationPlatforms) = preSolution
		Debug|Any CPU = Debug|Any CPU
		Release|Any CPU = Release|Any CPU
	EndGlobalSection
	GlobalSection(ProjectConfigurationPlatforms) = postSolution
		{6A466572-FB80-42BA-9045-DA7054F64D33}.Debug|Any CPU.ActiveCfg = Debug|Any CPU
		{6A466572-FB80-42BA-9045-DA7054F64D33}.Debug|Any CPU.Build.0 = Debug|Any CPU
		{6A466572-FB80-42BA-9045-DA7054F64D33}.Release|Any CPU.ActiveCfg = Release|Any CPU
		{6A466572-FB80-42BA-9045-DA7054F64D33}.Release|Any CPU.Build.0 = Release|Any CPU
		{BD3645B0-4BC2-4B8B-9EF1-0186A2514290}.Debug|Any CPU.ActiveCfg = Debug|Any CPU
		{BD3645B0-4BC2-4B8B-9EF1-0186A2514290}.Debug|Any CPU.Build.0 = Debug|Any CPU
		{BD3645B0-4BC2-4B8B-9EF1-0186A2514290}.Release|Any CPU.ActiveCfg = Release|Any CPU
		{BD3645B0-4BC2-4B8B-9EF1-0186A2514290}.Release|Any CPU.Build.0 = Release|Any CPU
	EndGlobalSection
	GlobalSection(SolutionProperties) = preSolution
		HideSolutionNode = FALSE
	EndGlobalSection
	GlobalSection(NestedProjects) = preSolution
		{7179EB16-9E8E-40F2-89B1-50300784D95C} = {530A6233-B021-4DB6-A16C-307A61431A15}
		{6A466572-FB80-42BA-9045-DA7054F64D33} = {7179EB16-9E8E-40F2-89B1-50300784D95C}
		{A1E0BA2C-EB7F-4E48-8954-F875115AF76F} = {530A6233-B021-4DB6-A16C-307A61431A15}
		{BD3645B0-4BC2-4B8B-9EF1-0186A2514290} = {A1E0BA2C-EB7F-4E48-8954-F875115AF76F}
	EndGlobalSection
	GlobalSection(ExtensibilityGlobals) = postSolution
		SolutionGuid = {20127598-F146-46AF-A666-307BBAD2B256}
	EndGlobalSection
EndGlobal
